
Microsoft Visual Studio Solution File, Format Version 12.00
# Visual Studio Version 16
VisualStudioVersion = 16.0.29411.108
MinimumVisualStudioVersion = 10.0.40219.1
Project("{FAE04EC0-301F-11D3-BF4B-00C04F79EFBC}") = "4_laba_mmdo", "4_laba_mmdo\4_laba_mmdo.csproj", "{F878D0AE-E959-4E16-8447-8DF2879FB5CA}"
EndProject
Global
	GlobalSection(SolutionConfigurationPlatforms) = preSolution
		Debug|Any CPU = Debug|Any CPU
		Release|Any CPU = Release|Any CPU
	EndGlobalSection
	GlobalSection(ProjectConfigurationPlatforms) = postSolution
		{F878D0AE-E959-4E16-8447-8DF2879FB5CA}.Debug|Any CPU.ActiveCfg = Debug|Any CPU
		{F878D0AE-E959-4E16-8447-8DF2879FB5CA}.Debug|Any CPU.Build.0 = Debug|Any CPU
		{F878D0AE-E959-4E16-8447-8DF2879FB5CA}.Release|Any CPU.ActiveCfg = Release|Any CPU
		{F878D0AE-E959-4E16-8447-8DF2879FB5CA}.Release|Any CPU.Build.0 = Release|Any CPU
	EndGlobalSection
	GlobalSection(SolutionProperties) = preSolution
		HideSolutionNode = FALSE
	EndGlobalSection
	GlobalSection(ExtensibilityGlobals) = postSolution
		SolutionGuid = {A25B1FD6-1C85-40BC-A575-F13C74C90D1D}
	EndGlobalSection
EndGlobal
